
Microsoft Visual Studio Solution File, Format Version 12.00
# Visual Studio 15
VisualStudioVersion = 15.0.27130.2036
MinimumVisualStudioVersion = 10.0.40219.1
Project("{9A19103F-16F7-4668-BE54-9A1E7A4F7556}") = "SqlRepo.Benchmark", "SqlRepo.Benchmark\SqlRepo.Benchmark.csproj", "{4BB9BBDC-A6AA-4A36-B758-F5BFCD987C6C}"
EndProject
Global
	GlobalSection(SolutionConfigurationPlatforms) = preSolution
		Debug|Any CPU = Debug|Any CPU
		Release|Any CPU = Release|Any CPU
	EndGlobalSection
	GlobalSection(ProjectConfigurationPlatforms) = postSolution
		{4BB9BBDC-A6AA-4A36-B758-F5BFCD987C6C}.Debug|Any CPU.ActiveCfg = Debug|Any CPU
		{4BB9BBDC-A6AA-4A36-B758-F5BFCD987C6C}.Debug|Any CPU.Build.0 = Debug|Any CPU
		{4BB9BBDC-A6AA-4A36-B758-F5BFCD987C6C}.Release|Any CPU.ActiveCfg = Release|Any CPU
		{4BB9BBDC-A6AA-4A36-B758-F5BFCD987C6C}.Release|Any CPU.Build.0 = Release|Any CPU
	EndGlobalSection
	GlobalSection(SolutionProperties) = preSolution
		HideSolutionNode = FALSE
	EndGlobalSection
	GlobalSection(ExtensibilityGlobals) = postSolution
		SolutionGuid = {2C20DEF1-DA84-4B32-B4F8-6FD46CBB64B2}
	EndGlobalSection
EndGlobal
